<?xml version="1.0" encoding="utf-8"?>
<Project ToolsVersion="17.0" xmlns="http://schemas.microsoft.com/developer/msbuild/2003">
  <ItemGroup>
    <CustomBuild Include="C:\dev\Github\lucid_pixel\CMakeFiles\eb8f24b12fd9a32a50467168390e0392\generate.stamp.rule">
      <Filter>CMake Rules</Filter>
    </CustomBuild>
  </ItemGroup>
  <ItemGroup>
    <Filter Include="CMake Rules">
      <UniqueIdentifier>{3E11BAEB-F347-3661-BEAF-D3FF5DCBDB02}</UniqueIdentifier>
    </Filter>
  </ItemGroup>
</Project>
